
Microsoft Visual Studio Solution File, Format Version 12.00
# Visual Studio Version 16
VisualStudioVersion = 16.0.33927.289
MinimumVisualStudioVersion = 10.0.40219.1
Project("{FAE04EC0-301F-11D3-BF4B-00C04F79EFBC}") = "InventoryManagementSystem", "InventoryManagementSystem\InventoryManagementSystem.csproj", "{00FA709D-91B7-4C80-847D-18B42941BF3D}"
EndProject
Global
	GlobalSection(SolutionConfigurationPlatforms) = preSolution
		Debug|Any CPU = Debug|Any CPU
		Release|Any CPU = Release|Any CPU
	EndGlobalSection
	GlobalSection(ProjectConfigurationPlatforms) = postSolution
		{00FA709D-91B7-4C80-847D-18B42941BF3D}.Debug|Any CPU.ActiveCfg = Debug|Any CPU
		{00FA709D-91B7-4C80-847D-18B42941BF3D}.Debug|Any CPU.Build.0 = Debug|Any CPU
		{00FA709D-91B7-4C80-847D-18B42941BF3D}.Release|Any CPU.ActiveCfg = Release|Any CPU
		{00FA709D-91B7-4C80-847D-18B42941BF3D}.Release|Any CPU.Build.0 = Release|Any CPU
	EndGlobalSection
	GlobalSection(SolutionProperties) = preSolution
		HideSolutionNode = FALSE
	EndGlobalSection
	GlobalSection(ExtensibilityGlobals) = postSolution
		SolutionGuid = {D940CA65-50CE-4367-8C19-710C562D4CFA}
	EndGlobalSection
EndGlobal
